
Microsoft Visual Studio Solution File, Format Version 12.00
# Visual Studio 15
VisualStudioVersion = 15.0.26228.4
MinimumVisualStudioVersion = 10.0.40219.1
Project("{FAE04EC0-301F-11D3-BF4B-00C04F79EFBC}") = "Dlzyff.BoardGame.BottomServer", "Dlzyff.BoardGame.BottomServer\Dlzyff.BoardGame.BottomServer.csproj", "{11935FBD-7C9D-4E4D-ACA2-1BF1F8A03E88}"
EndProject
Project("{FAE04EC0-301F-11D3-BF4B-00C04F79EFBC}") = "Dlzyff.BoardGame.Protocol", "Dlzyff.BoardGame.Protocol\Dlzyff.BoardGame.Protocol.csproj", "{15620777-0D75-4A37-B708-6867817F6BF1}"
EndProject
Project("{FAE04EC0-301F-11D3-BF4B-00C04F79EFBC}") = "Dlzyff.BoardGameServer.DataCache", "Dlzyff.BoardGameServer.DataCache\Dlzyff.BoardGameServer.DataCache.csproj", "{BCD98F45-3B6A-4467-A49F-ED79CEECD42B}"
EndProject
Project("{FAE04EC0-301F-11D3-BF4B-00C04F79EFBC}") = "Dlzyff.BoardGameServer.LogicHandle", "Dlzyff.BoardGameServer.LogicHandle\Dlzyff.BoardGameServer.LogicHandle.csproj", "{151DD6C8-093D-4F07-B15B-77A84EA72A93}"
EndProject
Project("{FAE04EC0-301F-11D3-BF4B-00C04F79EFBC}") = "Dlzyff.BoardGameServer.Model", "Dlzyff.BoardGameServer.Model\Dlzyff.BoardGameServer.Model.csproj", "{D1AD39C4-63F0-419A-9EDC-06EB20F8F07C}"
EndProject
Project("{FAE04EC0-301F-11D3-BF4B-00C04F79EFBC}") = "Dlzyff.BoardGameServer.ServerView", "Dlzyff.BoardGameServer.ServerView\Dlzyff.BoardGameServer.ServerView.csproj", "{AED0F583-34D2-4522-8047-2A38A9D0CBB0}"
EndProject
Project("{FAE04EC0-301F-11D3-BF4B-00C04F79EFBC}") = "Dlzyff.BoardGameServer.Log", "Dlzyff.BoardGameServer.Log\Dlzyff.BoardGameServer.Log.csproj", "{CE962DBC-EB4D-4083-BFAA-A8FE0DD5A969}"
EndProject
Project("{FAE04EC0-301F-11D3-BF4B-00C04F79EFBC}") = "Dlzyff.BoardGameServer.Dao", "Dlzyff.BoardGameServer.Dao\Dlzyff.BoardGameServer.Dao.csproj", "{DFD726D3-146F-4FB0-9CC1-D142728672A8}"
EndProject
Global
	GlobalSection(SolutionConfigurationPlatforms) = preSolution
		Debug|Any CPU = Debug|Any CPU
		Release|Any CPU = Release|Any CPU
	EndGlobalSection
	GlobalSection(ProjectConfigurationPlatforms) = postSolution
		{11935FBD-7C9D-4E4D-ACA2-1BF1F8A03E88}.Debug|Any CPU.ActiveCfg = Debug|Any CPU
		{11935FBD-7C9D-4E4D-ACA2-1BF1F8A03E88}.Debug|Any CPU.Build.0 = Debug|Any CPU
		{11935FBD-7C9D-4E4D-ACA2-1BF1F8A03E88}.Release|Any CPU.ActiveCfg = Release|Any CPU
		{11935FBD-7C9D-4E4D-ACA2-1BF1F8A03E88}.Release|Any CPU.Build.0 = Release|Any CPU
		{15620777-0D75-4A37-B708-6867817F6BF1}.Debug|Any CPU.ActiveCfg = Debug|Any CPU
		{15620777-0D75-4A37-B708-6867817F6BF1}.Debug|Any CPU.Build.0 = Debug|Any CPU
		{15620777-0D75-4A37-B708-6867817F6BF1}.Release|Any CPU.ActiveCfg = Release|Any CPU
		{15620777-0D75-4A37-B708-6867817F6BF1}.Release|Any CPU.Build.0 = Release|Any CPU
		{BCD98F45-3B6A-4467-A49F-ED79CEECD42B}.Debug|Any CPU.ActiveCfg = Debug|Any CPU
		{BCD98F45-3B6A-4467-A49F-ED79CEECD42B}.Debug|Any CPU.Build.0 = Debug|Any CPU
		{BCD98F45-3B6A-4467-A49F-ED79CEECD42B}.Release|Any CPU.ActiveCfg = Release|Any CPU
		{BCD98F45-3B6A-4467-A49F-ED79CEECD42B}.Release|Any CPU.Build.0 = Release|Any CPU
		{151DD6C8-093D-4F07-B15B-77A84EA72A93}.Debug|Any CPU.ActiveCfg = Debug|Any CPU
		{151DD6C8-093D-4F07-B15B-77A84EA72A93}.Debug|Any CPU.Build.0 = Debug|Any CPU
		{151DD6C8-093D-4F07-B15B-77A84EA72A93}.Release|Any CPU.ActiveCfg = Release|Any CPU
		{151DD6C8-093D-4F07-B15B-77A84EA72A93}.Release|Any CPU.Build.0 = Release|Any CPU
		{D1AD39C4-63F0-419A-9EDC-06EB20F8F07C}.Debug|Any CPU.ActiveCfg = Debug|Any CPU
		{D1AD39C4-63F0-419A-9EDC-06EB20F8F07C}.Debug|Any CPU.Build.0 = Debug|Any CPU
		{D1AD39C4-63F0-419A-9EDC-06EB20F8F07C}.Release|Any CPU.ActiveCfg = Release|Any CPU
		{D1AD39C4-63F0-419A-9EDC-06EB20F8F07C}.Release|Any CPU.Build.0 = Release|Any CPU
		{AED0F583-34D2-4522-8047-2A38A9D0CBB0}.Debug|Any CPU.ActiveCfg = Debug|Any CPU
		{AED0F583-34D2-4522-8047-2A38A9D0CBB0}.Debug|Any CPU.Build.0 = Debug|Any CPU
		{AED0F583-34D2-4522-8047-2A38A9D0CBB0}.Release|Any CPU.ActiveCfg = Release|Any CPU
		{AED0F583-34D2-4522-8047-2A38A9D0CBB0}.Release|Any CPU.Build.0 = Release|Any CPU
		{CE962DBC-EB4D-4083-BFAA-A8FE0DD5A969}.Debug|Any CPU.ActiveCfg = Debug|Any CPU
		{CE962DBC-EB4D-4083-BFAA-A8FE0DD5A969}.Debug|Any CPU.Build.0 = Debug|Any CPU
		{CE962DBC-EB4D-4083-BFAA-A8FE0DD5A969}.Release|Any CPU.ActiveCfg = Release|Any CPU
		{CE962DBC-EB4D-4083-BFAA-A8FE0DD5A969}.Release|Any CPU.Build.0 = Release|Any CPU
		{DFD726D3-146F-4FB0-9CC1-D142728672A8}.Debug|Any CPU.ActiveCfg = Debug|Any CPU
		{DFD726D3-146F-4FB0-9CC1-D142728672A8}.Debug|Any CPU.Build.0 = Debug|Any CPU
		{DFD726D3-146F-4FB0-9CC1-D142728672A8}.Release|Any CPU.ActiveCfg = Release|Any CPU
		{DFD726D3-146F-4FB0-9CC1-D142728672A8}.Release|Any CPU.Build.0 = Release|Any CPU
	EndGlobalSection
	GlobalSection(SolutionProperties) = preSolution
		HideSolutionNode = FALSE
	EndGlobalSection
	GlobalSection(ExtensibilityGlobals) = postSolution
		SolutionGuid = {E2756BC6-6383-40B1-8755-2F98FD1F66C8}
	EndGlobalSection
EndGlobal
